
Microsoft Visual Studio Solution File, Format Version 12.00
# Visual Studio Version 17
VisualStudioVersion = 17.8.34330.188
MinimumVisualStudioVersion = 10.0.40219.1
Project("{FAE04EC0-301F-11D3-BF4B-00C04F79EFBC}") = "Recrute", "Recrute\Recrute.csproj", "{BBA15393-4A78-42C7-B95D-94274A069DE7}"
EndProject
Global
	GlobalSection(SolutionConfigurationPlatforms) = preSolution
		Debug|Any CPU = Debug|Any CPU
		Release|Any CPU = Release|Any CPU
	EndGlobalSection
	GlobalSection(ProjectConfigurationPlatforms) = postSolution
		{BBA15393-4A78-42C7-B95D-94274A069DE7}.Debug|Any CPU.ActiveCfg = Debug|Any CPU
		{BBA15393-4A78-42C7-B95D-94274A069DE7}.Debug|Any CPU.Build.0 = Debug|Any CPU
		{BBA15393-4A78-42C7-B95D-94274A069DE7}.Release|Any CPU.ActiveCfg = Release|Any CPU
		{BBA15393-4A78-42C7-B95D-94274A069DE7}.Release|Any CPU.Build.0 = Release|Any CPU
	EndGlobalSection
	GlobalSection(SolutionProperties) = preSolution
		HideSolutionNode = FALSE
	EndGlobalSection
	GlobalSection(ExtensibilityGlobals) = postSolution
		SolutionGuid = {AEC55695-17A0-40E1-8F85-7CF51FB03466}
	EndGlobalSection
EndGlobal
